
Microsoft Visual Studio Solution File, Format Version 12.00
# Visual Studio 2013
VisualStudioVersion = 12.0.31101.0
MinimumVisualStudioVersion = 10.0.40219.1
Project("{FAE04EC0-301F-11D3-BF4B-00C04F79EFBC}") = "Inversion.Data", "Inversion.Data\Inversion.Data.csproj", "{1CB68D8F-FBCE-4DAC-858C-FED6FCE48306}"
EndProject
Project("{FAE04EC0-301F-11D3-BF4B-00C04F79EFBC}") = "Harness.Example", "Harness.Example\Harness.Example.csproj", "{350FE932-D2EB-4EF2-A427-D48928736A00}"
EndProject
Project("{FAE04EC0-301F-11D3-BF4B-00C04F79EFBC}") = "Inversion.Data.Sql", "Inversion.Data.Sql\Inversion.Data.Sql.csproj", "{1BDF9896-7D98-4BFA-B64B-DD31F79739F9}"
EndProject
Global
	GlobalSection(SolutionConfigurationPlatforms) = preSolution
		Debug|Any CPU = Debug|Any CPU
		Release|Any CPU = Release|Any CPU
	EndGlobalSection
	GlobalSection(ProjectConfigurationPlatforms) = postSolution
		{1CB68D8F-FBCE-4DAC-858C-FED6FCE48306}.Debug|Any CPU.ActiveCfg = Debug|Any CPU
		{1CB68D8F-FBCE-4DAC-858C-FED6FCE48306}.Debug|Any CPU.Build.0 = Debug|Any CPU
		{1CB68D8F-FBCE-4DAC-858C-FED6FCE48306}.Release|Any CPU.ActiveCfg = Release|Any CPU
		{1CB68D8F-FBCE-4DAC-858C-FED6FCE48306}.Release|Any CPU.Build.0 = Release|Any CPU
		{350FE932-D2EB-4EF2-A427-D48928736A00}.Debug|Any CPU.ActiveCfg = Debug|Any CPU
		{350FE932-D2EB-4EF2-A427-D48928736A00}.Debug|Any CPU.Build.0 = Debug|Any CPU
		{350FE932-D2EB-4EF2-A427-D48928736A00}.Release|Any CPU.ActiveCfg = Release|Any CPU
		{350FE932-D2EB-4EF2-A427-D48928736A00}.Release|Any CPU.Build.0 = Release|Any CPU
		{1BDF9896-7D98-4BFA-B64B-DD31F79739F9}.Debug|Any CPU.ActiveCfg = Debug|Any CPU
		{1BDF9896-7D98-4BFA-B64B-DD31F79739F9}.Debug|Any CPU.Build.0 = Debug|Any CPU
		{1BDF9896-7D98-4BFA-B64B-DD31F79739F9}.Release|Any CPU.ActiveCfg = Release|Any CPU
		{1BDF9896-7D98-4BFA-B64B-DD31F79739F9}.Release|Any CPU.Build.0 = Release|Any CPU
	EndGlobalSection
	GlobalSection(SolutionProperties) = preSolution
		HideSolutionNode = FALSE
	EndGlobalSection
EndGlobal
